{
  "nodes": {
    "agenix": {
      "inputs": {
        "darwin": "darwin",
        "home-manager": "home-manager",
        "nixpkgs": [
          "nixpkgs"
        ],
        "systems": "systems"
      },
      "locked": {
        "lastModified": 1745630506,
        "narHash": "sha256-bHCFgGeu8XjWlVuaWzi3QONjDW3coZDqSHvnd4l7xus=",
        "owner": "ryantm",
        "repo": "agenix",
        "rev": "96e078c646b711aee04b82ba01aefbff87004ded",
        "type": "github"
      },
      "original": {
        "owner": "ryantm",
        "repo": "agenix",
        "type": "github"
      }
    },
    "blahaj-bot": {
      "inputs": {
        "flake-utils": [
          "flake-utils"
        ],
        "nixpkgs": [
          "nixpkgs"
        ],
        "pyproject-build-systems": "pyproject-build-systems",
        "pyproject-nix": "pyproject-nix",
        "uv2nix": "uv2nix"
      },
      "locked": {
        "lastModified": 1746306164,
        "narHash": "sha256-XbV7StJAzn1JDjW5zFDkmYMWyUMNpueG3uLhGJAQZ9w=",
        "owner": "transgwender",
        "repo": "blahaj-bot",
        "rev": "253ad62c160efa3b9d44115885270c444fce829f",
        "type": "github"
      },
      "original": {
        "owner": "transgwender",
        "ref": "main",
        "repo": "blahaj-bot",
        "type": "github"
      }
    },
    "darwin": {
      "inputs": {
        "nixpkgs": [
          "agenix",
          "nixpkgs"
        ]
      },
      "locked": {
        "lastModified": 1744478979,
        "narHash": "sha256-dyN+teG9G82G+m+PX/aSAagkC+vUv0SgUw3XkPhQodQ=",
        "owner": "lnl7",
        "repo": "nix-darwin",
        "rev": "43975d782b418ebf4969e9ccba82466728c2851b",
        "type": "github"
      },
      "original": {
        "owner": "lnl7",
        "ref": "master",
        "repo": "nix-darwin",
        "type": "github"
      }
    },
    "extra-container": {
      "inputs": {
        "flake-utils": [
          "flake-utils"
        ],
        "nixpkgs": [
          "nixpkgs"
        ]
      },
      "locked": {
        "lastModified": 1734542275,
        "narHash": "sha256-wnRkafo4YrIuvJeRsOmfStxIzi7ty2I0OtGMO9chwJc=",
        "owner": "erikarvstedt",
        "repo": "extra-container",
        "rev": "fa723fb67201c1b4610fd3d608681da362f800eb",
        "type": "github"
      },
      "original": {
        "owner": "erikarvstedt",
        "repo": "extra-container",
        "type": "github"
      }
    },
    "flake-utils": {
      "inputs": {
        "systems": "systems_2"
      },
      "locked": {
        "lastModified": 1731533236,
        "narHash": "sha256-l0KFg5HjrsfsO/JpG+r7fRrqm12kzFHyUHqHCVpMMbI=",
        "owner": "numtide",
        "repo": "flake-utils",
        "rev": "11707dc2f618dd54ca8739b309ec4fc024de578b",
        "type": "github"
      },
      "original": {
        "owner": "numtide",
        "repo": "flake-utils",
        "type": "github"
      }
    },
    "flakey-profile": {
      "locked": {
        "lastModified": 1712898590,
        "narHash": "sha256-FhGIEU93VHAChKEXx905TSiPZKga69bWl1VB37FK//I=",
        "owner": "lf-",
        "repo": "flakey-profile",
        "rev": "243c903fd8eadc0f63d205665a92d4df91d42d9d",
        "type": "github"
      },
      "original": {
        "owner": "lf-",
        "repo": "flakey-profile",
        "type": "github"
      }
    },
    "home-manager": {
      "inputs": {
        "nixpkgs": [
          "agenix",
          "nixpkgs"
        ]
      },
      "locked": {
        "lastModified": 1745494811,
        "narHash": "sha256-YZCh2o9Ua1n9uCvrvi5pRxtuVNml8X2a03qIFfRKpFs=",
        "owner": "nix-community",
        "repo": "home-manager",
        "rev": "abfad3d2958c9e6300a883bd443512c55dfeb1be",
        "type": "github"
      },
      "original": {
        "owner": "nix-community",
        "repo": "home-manager",
        "type": "github"
      }
    },
    "lix": {
      "flake": false,
      "locked": {
        "lastModified": 1746186329,
        "narHash": "sha256-MLz0MjeVCaqvIvf5szUwNwYEiXC/lKWL0I2VS+6V/e0=",
        "rev": "4e84fd9a0061a04627ec6962c0ed08c2ad0b8a7f",
        "type": "tarball",
        "url": "https://git.lix.systems/api/v1/repos/lix-project/lix/archive/4e84fd9a0061a04627ec6962c0ed08c2ad0b8a7f.tar.gz?rev=4e84fd9a0061a04627ec6962c0ed08c2ad0b8a7f"
      },
      "original": {
        "type": "tarball",
        "url": "https://git.lix.systems/lix-project/lix/archive/main.tar.gz"
      }
    },
    "lix-module": {
      "inputs": {
        "flake-utils": [
          "flake-utils"
        ],
        "flakey-profile": "flakey-profile",
        "lix": [
          "lix"
        ],
        "nixpkgs": [
          "nixpkgs"
        ]
      },
      "locked": {
        "lastModified": 1742945498,
        "narHash": "sha256-MB/b/xcDKqaVBxJIIxwb81r8ZiGLeKEcqokATRRroo8=",
        "rev": "fa69ae26cc32dda178117b46487c2165c0e08316",
        "type": "tarball",
        "url": "https://git.lix.systems/api/v1/repos/lix-project/nixos-module/archive/fa69ae26cc32dda178117b46487c2165c0e08316.tar.gz?rev=fa69ae26cc32dda178117b46487c2165c0e08316"
      },
      "original": {
        "type": "tarball",
        "url": "https://git.lix.systems/lix-project/nixos-module/archive/main.tar.gz"
      }
    },
    "nixpkgs": {
      "locked": {
        "lastModified": 1746279357,
        "narHash": "sha256-oBuu7hOtoqj3BbHp9H/8n8htBt9pMCDDRgrhA6yy0i8=",
        "owner": "nixos",
        "repo": "nixpkgs",
        "rev": "a4b6cee9ab63822643e108f67da016aa800ea099",
        "type": "github"
      },
      "original": {
        "owner": "nixos",
        "ref": "nixos-unstable-small",
        "repo": "nixpkgs",
        "type": "github"
      }
    },
    "pyproject-build-systems": {
      "inputs": {
        "nixpkgs": [
          "blahaj-bot",
          "nixpkgs"
        ],
        "pyproject-nix": [
          "blahaj-bot",
          "pyproject-nix"
        ],
        "uv2nix": [
          "blahaj-bot",
          "uv2nix"
        ]
      },
      "locked": {
        "lastModified": 1744599653,
        "narHash": "sha256-nysSwVVjG4hKoOjhjvE6U5lIKA8sEr1d1QzEfZsannU=",
        "owner": "pyproject-nix",
        "repo": "build-system-pkgs",
        "rev": "7dba6dbc73120e15b558754c26024f6c93015dd7",
        "type": "github"
      },
      "original": {
        "owner": "pyproject-nix",
        "repo": "build-system-pkgs",
        "type": "github"
      }
    },
    "pyproject-nix": {
      "inputs": {
        "nixpkgs": [
          "blahaj-bot",
          "nixpkgs"
        ]
      },
      "locked": {
        "lastModified": 1745782090,
        "narHash": "sha256-c/mqxgOVDcwrdcY3FqG22MwLPGY5rCz5gte1sxISKnM=",
        "owner": "pyproject-nix",
        "repo": "pyproject.nix",
        "rev": "2db2d95ddbc4ff5e29730cb82fdba6647be258a7",
        "type": "github"
      },
      "original": {
        "owner": "pyproject-nix",
        "repo": "pyproject.nix",
        "type": "github"
      }
    },
    "root": {
      "inputs": {
        "agenix": "agenix",
        "blahaj-bot": "blahaj-bot",
        "extra-container": "extra-container",
        "flake-utils": "flake-utils",
        "lix": "lix",
        "lix-module": "lix-module",
        "nixpkgs": "nixpkgs"
      }
    },
    "systems": {
      "locked": {
        "lastModified": 1681028828,
        "narHash": "sha256-Vy1rq5AaRuLzOxct8nz4T6wlgyUR7zLU309k9mBC768=",
        "owner": "nix-systems",
        "repo": "default",
        "rev": "da67096a3b9bf56a91d16901293e51ba5b49a27e",
        "type": "github"
      },
      "original": {
        "owner": "nix-systems",
        "repo": "default",
        "type": "github"
      }
    },
    "systems_2": {
      "locked": {
        "lastModified": 1681028828,
        "narHash": "sha256-Vy1rq5AaRuLzOxct8nz4T6wlgyUR7zLU309k9mBC768=",
        "owner": "nix-systems",
        "repo": "default",
        "rev": "da67096a3b9bf56a91d16901293e51ba5b49a27e",
        "type": "github"
      },
      "original": {
        "owner": "nix-systems",
        "repo": "default",
        "type": "github"
      }
    },
    "uv2nix": {
      "inputs": {
        "nixpkgs": [
          "blahaj-bot",
          "nixpkgs"
        ],
        "pyproject-nix": [
          "blahaj-bot",
          "pyproject-nix"
        ]
      },
      "locked": {
        "lastModified": 1746048139,
        "narHash": "sha256-LdCLyiihLg6P2/mjzP0+W7RtraDSIaJJPTy6SCtW5Ag=",
        "owner": "pyproject-nix",
        "repo": "uv2nix",
        "rev": "680e2f8e637bc79b84268949d2f2b2f5e5f1d81c",
        "type": "github"
      },
      "original": {
        "owner": "pyproject-nix",
        "repo": "uv2nix",
        "type": "github"
      }
    }
  },
  "root": "root",
  "version": 7
}
